
Microsoft Visual Studio Solution File, Format Version 12.00
# Visual Studio Version 17
VisualStudioVersion = 17.14.36603.0 d17.14
MinimumVisualStudioVersion = 10.0.40219.1
Project("{FAE04EC0-301F-11D3-BF4B-00C04F79EFBC}") = "DailyExpenseManager.API", "DailyExpenseManager.API\DailyExpenseManager.API.csproj", "{7183864F-E823-405B-AF4B-3EBAEE491EBC}"
EndProject
Global
	GlobalSection(SolutionConfigurationPlatforms) = preSolution
		Debug|Any CPU = Debug|Any CPU
		Release|Any CPU = Release|Any CPU
	EndGlobalSection
	GlobalSection(ProjectConfigurationPlatforms) = postSolution
		{7183864F-E823-405B-AF4B-3EBAEE491EBC}.Debug|Any CPU.ActiveCfg = Debug|Any CPU
		{7183864F-E823-405B-AF4B-3EBAEE491EBC}.Debug|Any CPU.Build.0 = Debug|Any CPU
		{7183864F-E823-405B-AF4B-3EBAEE491EBC}.Release|Any CPU.ActiveCfg = Release|Any CPU
		{7183864F-E823-405B-AF4B-3EBAEE491EBC}.Release|Any CPU.Build.0 = Release|Any CPU
	EndGlobalSection
	GlobalSection(SolutionProperties) = preSolution
		HideSolutionNode = FALSE
	EndGlobalSection
	GlobalSection(ExtensibilityGlobals) = postSolution
		SolutionGuid = {32546400-06A3-4A05-AC9C-0C86B469CE71}
	EndGlobalSection
EndGlobal
